
Microsoft Visual Studio Solution File, Format Version 12.00
# Visual Studio Version 17
VisualStudioVersion = 17.11.35327.3
MinimumVisualStudioVersion = 10.0.40219.1
Project("{8BC9CEB8-8B4A-11D0-8D11-00A0C91BC942}") = "662110158_Lab1_1", "662110158_Lab1_1\662110158_Lab1_1.vcxproj", "{7E837A9D-C805-4FBC-833E-2D3A758EA12E}"
EndProject
Project("{8BC9CEB8-8B4A-11D0-8D11-00A0C91BC942}") = "662110158_Lab1_2", "662110158_Lab1_2\662110158_Lab1_2.vcxproj", "{86A51174-76C4-4595-A8AA-85DB37403954}"
EndProject
Project("{8BC9CEB8-8B4A-11D0-8D11-00A0C91BC942}") = "662110158_Lab1_3_1", "662110158_Lab1_3\662110158_Lab1_3.vcxproj", "{74D15FB2-065E-4884-A1DD-C0FB8C45E8F6}"
EndProject
Project("{8BC9CEB8-8B4A-11D0-8D11-00A0C91BC942}") = "662110158_Lab1_3_2", "662110158_Lab1_3_2\662110158_Lab1_3_2.vcxproj", "{FFCFA5B4-0F54-4CD1-B193-9B57E526617E}"
EndProject
Project("{8BC9CEB8-8B4A-11D0-8D11-00A0C91BC942}") = "662110158_Lab1_3_3", "662110158_Lab1_3_3\662110158_Lab1_3_3.vcxproj", "{E97A6A49-FDBB-4E1B-B831-C128B962FAD3}"
EndProject
Project("{8BC9CEB8-8B4A-11D0-8D11-00A0C91BC942}") = "662110158_Lab1_3_4", "662110158_Lab1_3_4\662110158_Lab1_3_4.vcxproj", "{1FC3863A-492F-44DB-9964-8859B5A71EA0}"
EndProject
Project("{8BC9CEB8-8B4A-11D0-8D11-00A0C91BC942}") = "662110158_Lab1_4_1", "662110158_Lab1_4_1\662110158_Lab1_4_1.vcxproj", "{0B6D4956-B6EE-40E9-B586-CC8AD2789FE7}"
EndProject
Project("{8BC9CEB8-8B4A-11D0-8D11-00A0C91BC942}") = "662110158_Lab1_4_2", "662110158_Lab1_4_2\662110158_Lab1_4_2.vcxproj", "{2B17ADAC-3B91-438E-9D9A-0D9F2B601044}"
EndProject
Project("{8BC9CEB8-8B4A-11D0-8D11-00A0C91BC942}") = "662110158_Lab1_4_3", "662110158_Lab1_4_3\662110158_Lab1_4_3.vcxproj", "{ECFE8C58-6C60-4CAD-B23B-55D8908D761D}"
EndProject
Project("{8BC9CEB8-8B4A-11D0-8D11-00A0C91BC942}") = "662110158_Lab1_4_4", "662110158_Lab1_4_4\662110158_Lab1_4_4.vcxproj", "{DB733935-387F-4730-A044-4EA0FD5E8E83}"
EndProject
Global
	GlobalSection(SolutionConfigurationPlatforms) = preSolution
		Debug|x64 = Debug|x64
		Debug|x86 = Debug|x86
		Release|x64 = Release|x64
		Release|x86 = Release|x86
	EndGlobalSection
	GlobalSection(ProjectConfigurationPlatforms) = postSolution
		{7E837A9D-C805-4FBC-833E-2D3A758EA12E}.Debug|x64.ActiveCfg = Debug|x64
		{7E837A9D-C805-4FBC-833E-2D3A758EA12E}.Debug|x64.Build.0 = Debug|x64
		{7E837A9D-C805-4FBC-833E-2D3A758EA12E}.Debug|x86.ActiveCfg = Debug|Win32
		{7E837A9D-C805-4FBC-833E-2D3A758EA12E}.Debug|x86.Build.0 = Debug|Win32
		{7E837A9D-C805-4FBC-833E-2D3A758EA12E}.Release|x64.ActiveCfg = Release|x64
		{7E837A9D-C805-4FBC-833E-2D3A758EA12E}.Release|x64.Build.0 = Release|x64
		{7E837A9D-C805-4FBC-833E-2D3A758EA12E}.Release|x86.ActiveCfg = Release|Win32
		{7E837A9D-C805-4FBC-833E-2D3A758EA12E}.Release|x86.Build.0 = Release|Win32
		{86A51174-76C4-4595-A8AA-85DB37403954}.Debug|x64.ActiveCfg = Debug|x64
		{86A51174-76C4-4595-A8AA-85DB37403954}.Debug|x64.Build.0 = Debug|x64
		{86A51174-76C4-4595-A8AA-85DB37403954}.Debug|x86.ActiveCfg = Debug|Win32
		{86A51174-76C4-4595-A8AA-85DB37403954}.Debug|x86.Build.0 = Debug|Win32
		{86A51174-76C4-4595-A8AA-85DB37403954}.Release|x64.ActiveCfg = Release|x64
		{86A51174-76C4-4595-A8AA-85DB37403954}.Release|x64.Build.0 = Release|x64
		{86A51174-76C4-4595-A8AA-85DB37403954}.Release|x86.ActiveCfg = Release|Win32
		{86A51174-76C4-4595-A8AA-85DB37403954}.Release|x86.Build.0 = Release|Win32
		{74D15FB2-065E-4884-A1DD-C0FB8C45E8F6}.Debug|x64.ActiveCfg = Debug|x64
		{74D15FB2-065E-4884-A1DD-C0FB8C45E8F6}.Debug|x64.Build.0 = Debug|x64
		{74D15FB2-065E-4884-A1DD-C0FB8C45E8F6}.Debug|x86.ActiveCfg = Debug|Win32
		{74D15FB2-065E-4884-A1DD-C0FB8C45E8F6}.Debug|x86.Build.0 = Debug|Win32
		{74D15FB2-065E-4884-A1DD-C0FB8C45E8F6}.Release|x64.ActiveCfg = Release|x64
		{74D15FB2-065E-4884-A1DD-C0FB8C45E8F6}.Release|x64.Build.0 = Release|x64
		{74D15FB2-065E-4884-A1DD-C0FB8C45E8F6}.Release|x86.ActiveCfg = Release|Win32
		{74D15FB2-065E-4884-A1DD-C0FB8C45E8F6}.Release|x86.Build.0 = Release|Win32
		{FFCFA5B4-0F54-4CD1-B193-9B57E526617E}.Debug|x64.ActiveCfg = Debug|x64
		{FFCFA5B4-0F54-4CD1-B193-9B57E526617E}.Debug|x64.Build.0 = Debug|x64
		{FFCFA5B4-0F54-4CD1-B193-9B57E526617E}.Debug|x86.ActiveCfg = Debug|Win32
		{FFCFA5B4-0F54-4CD1-B193-9B57E526617E}.Debug|x86.Build.0 = Debug|Win32
		{FFCFA5B4-0F54-4CD1-B193-9B57E526617E}.Release|x64.ActiveCfg = Release|x64
		{FFCFA5B4-0F54-4CD1-B193-9B57E526617E}.Release|x64.Build.0 = Release|x64
		{FFCFA5B4-0F54-4CD1-B193-9B57E526617E}.Release|x86.ActiveCfg = Release|Win32
		{FFCFA5B4-0F54-4CD1-B193-9B57E526617E}.Release|x86.Build.0 = Release|Win32
		{E97A6A49-FDBB-4E1B-B831-C128B962FAD3}.Debug|x64.ActiveCfg = Debug|x64
		{E97A6A49-FDBB-4E1B-B831-C128B962FAD3}.Debug|x64.Build.0 = Debug|x64
		{E97A6A49-FDBB-4E1B-B831-C128B962FAD3}.Debug|x86.ActiveCfg = Debug|Win32
		{E97A6A49-FDBB-4E1B-B831-C128B962FAD3}.Debug|x86.Build.0 = Debug|Win32
		{E97A6A49-FDBB-4E1B-B831-C128B962FAD3}.Release|x64.ActiveCfg = Release|x64
		{E97A6A49-FDBB-4E1B-B831-C128B962FAD3}.Release|x64.Build.0 = Release|x64
		{E97A6A49-FDBB-4E1B-B831-C128B962FAD3}.Release|x86.ActiveCfg = Release|Win32
		{E97A6A49-FDBB-4E1B-B831-C128B962FAD3}.Release|x86.Build.0 = Release|Win32
		{1FC3863A-492F-44DB-9964-8859B5A71EA0}.Debug|x64.ActiveCfg = Debug|x64
		{1FC3863A-492F-44DB-9964-8859B5A71EA0}.Debug|x64.Build.0 = Debug|x64
		{1FC3863A-492F-44DB-9964-8859B5A71EA0}.Debug|x86.ActiveCfg = Debug|Win32
		{1FC3863A-492F-44DB-9964-8859B5A71EA0}.Debug|x86.Build.0 = Debug|Win32
		{1FC3863A-492F-44DB-9964-8859B5A71EA0}.Release|x64.ActiveCfg = Release|x64
		{1FC3863A-492F-44DB-9964-8859B5A71EA0}.Release|x64.Build.0 = Release|x64
		{1FC3863A-492F-44DB-9964-8859B5A71EA0}.Release|x86.ActiveCfg = Release|Win32
		{1FC3863A-492F-44DB-9964-8859B5A71EA0}.Release|x86.Build.0 = Release|Win32
		{0B6D4956-B6EE-40E9-B586-CC8AD2789FE7}.Debug|x64.ActiveCfg = Debug|x64
		{0B6D4956-B6EE-40E9-B586-CC8AD2789FE7}.Debug|x64.Build.0 = Debug|x64
		{0B6D4956-B6EE-40E9-B586-CC8AD2789FE7}.Debug|x86.ActiveCfg = Debug|Win32
		{0B6D4956-B6EE-40E9-B586-CC8AD2789FE7}.Debug|x86.Build.0 = Debug|Win32
		{0B6D4956-B6EE-40E9-B586-CC8AD2789FE7}.Release|x64.ActiveCfg = Release|x64
		{0B6D4956-B6EE-40E9-B586-CC8AD2789FE7}.Release|x64.Build.0 = Release|x64
		{0B6D4956-B6EE-40E9-B586-CC8AD2789FE7}.Release|x86.ActiveCfg = Release|Win32
		{0B6D4956-B6EE-40E9-B586-CC8AD2789FE7}.Release|x86.Build.0 = Release|Win32
		{2B17ADAC-3B91-438E-9D9A-0D9F2B601044}.Debug|x64.ActiveCfg = Debug|x64
		{2B17ADAC-3B91-438E-9D9A-0D9F2B601044}.Debug|x64.Build.0 = Debug|x64
		{2B17ADAC-3B91-438E-9D9A-0D9F2B601044}.Debug|x86.ActiveCfg = Debug|Win32
		{2B17ADAC-3B91-438E-9D9A-0D9F2B601044}.Debug|x86.Build.0 = Debug|Win32
		{2B17ADAC-3B91-438E-9D9A-0D9F2B601044}.Release|x64.ActiveCfg = Release|x64
		{2B17ADAC-3B91-438E-9D9A-0D9F2B601044}.Release|x64.Build.0 = Release|x64
		{2B17ADAC-3B91-438E-9D9A-0D9F2B601044}.Release|x86.ActiveCfg = Release|Win32
		{2B17ADAC-3B91-438E-9D9A-0D9F2B601044}.Release|x86.Build.0 = Release|Win32
		{ECFE8C58-6C60-4CAD-B23B-55D8908D761D}.Debug|x64.ActiveCfg = Debug|x64
		{ECFE8C58-6C60-4CAD-B23B-55D8908D761D}.Debug|x64.Build.0 = Debug|x64
		{ECFE8C58-6C60-4CAD-B23B-55D8908D761D}.Debug|x86.ActiveCfg = Debug|Win32
		{ECFE8C58-6C60-4CAD-B23B-55D8908D761D}.Debug|x86.Build.0 = Debug|Win32
		{ECFE8C58-6C60-4CAD-B23B-55D8908D761D}.Release|x64.ActiveCfg = Release|x64
		{ECFE8C58-6C60-4CAD-B23B-55D8908D761D}.Release|x64.Build.0 = Release|x64
		{ECFE8C58-6C60-4CAD-B23B-55D8908D761D}.Release|x86.ActiveCfg = Release|Win32
		{ECFE8C58-6C60-4CAD-B23B-55D8908D761D}.Release|x86.Build.0 = Release|Win32
		{DB733935-387F-4730-A044-4EA0FD5E8E83}.Debug|x64.ActiveCfg = Debug|x64
		{DB733935-387F-4730-A044-4EA0FD5E8E83}.Debug|x64.Build.0 = Debug|x64
		{DB733935-387F-4730-A044-4EA0FD5E8E83}.Debug|x86.ActiveCfg = Debug|Win32
		{DB733935-387F-4730-A044-4EA0FD5E8E83}.Debug|x86.Build.0 = Debug|Win32
		{DB733935-387F-4730-A044-4EA0FD5E8E83}.Release|x64.ActiveCfg = Release|x64
		{DB733935-387F-4730-A044-4EA0FD5E8E83}.Release|x64.Build.0 = Release|x64
		{DB733935-387F-4730-A044-4EA0FD5E8E83}.Release|x86.ActiveCfg = Release|Win32
		{DB733935-387F-4730-A044-4EA0FD5E8E83}.Release|x86.Build.0 = Release|Win32
	EndGlobalSection
	GlobalSection(SolutionProperties) = preSolution
		HideSolutionNode = FALSE
	EndGlobalSection
	GlobalSection(ExtensibilityGlobals) = postSolution
		SolutionGuid = {08E0B622-A432-4533-AD23-29C1035CCB77}
	EndGlobalSection
EndGlobal
