
Microsoft Visual Studio Solution File, Format Version 12.00
# Visual Studio Version 17
VisualStudioVersion = 17.11.35327.3
MinimumVisualStudioVersion = 10.0.40219.1
Project("{8BC9CEB8-8B4A-11D0-8D11-00A0C91BC942}") = "662110158_Lab2_1", "662110158_Lab2_1\662110158_Lab2_1.vcxproj", "{3063353A-23EB-4EDA-A9DF-0943481D3BAE}"
EndProject
Project("{8BC9CEB8-8B4A-11D0-8D11-00A0C91BC942}") = "662110158_Lab2_2", "662110158_Lab2_2\662110158_Lab2_2.vcxproj", "{A1093FE5-F1D5-47A9-BDAD-0D9CF2AE5933}"
EndProject
Project("{8BC9CEB8-8B4A-11D0-8D11-00A0C91BC942}") = "662110158_Lab2_3", "662110158_Lab2_3\662110158_Lab2_3.vcxproj", "{7945E502-0A8D-43C3-88DB-783205E41F77}"
EndProject
Project("{8BC9CEB8-8B4A-11D0-8D11-00A0C91BC942}") = "662110158_Lab2_4", "662110158_Lab2_4\662110158_Lab2_4.vcxproj", "{868CF5FF-D5A2-4B1D-80DE-71CAF1D80317}"
EndProject
Project("{8BC9CEB8-8B4A-11D0-8D11-00A0C91BC942}") = "662110158_Lab2_5", "662110158_Lab2_5\662110158_Lab2_5.vcxproj", "{4CD0CB67-F284-4065-8B40-D27C2419CBC3}"
EndProject
Project("{8BC9CEB8-8B4A-11D0-8D11-00A0C91BC942}") = "662110158_Lab2_6_1_a", "662110158_Lab2_6_1_a\662110158_Lab2_6_1_a.vcxproj", "{66EA220E-9659-45EB-9CDD-57DBBE231637}"
EndProject
Project("{8BC9CEB8-8B4A-11D0-8D11-00A0C91BC942}") = "662110158_Lab2_6_1_b", "662110158_Lab2_6_1_b\662110158_Lab2_6_1_b.vcxproj", "{19B2E494-B85C-42D1-A275-ABBD9A2DEFA4}"
EndProject
Project("{8BC9CEB8-8B4A-11D0-8D11-00A0C91BC942}") = "662110158_Lab2_6_1_c", "662110158_Lab2_6_1_c\662110158_Lab2_6_1_c.vcxproj", "{4EC3287E-1417-4A87-95F4-FBDE7AE9EF75}"
EndProject
Project("{8BC9CEB8-8B4A-11D0-8D11-00A0C91BC942}") = "662110158_Lab2_6_2", "662110158_Lab2_6_2\662110158_Lab2_6_2.vcxproj", "{383BBCD9-F966-4E4E-BD5C-CA3F40564190}"
EndProject
Global
	GlobalSection(SolutionConfigurationPlatforms) = preSolution
		Debug|x64 = Debug|x64
		Debug|x86 = Debug|x86
		Release|x64 = Release|x64
		Release|x86 = Release|x86
	EndGlobalSection
	GlobalSection(ProjectConfigurationPlatforms) = postSolution
		{3063353A-23EB-4EDA-A9DF-0943481D3BAE}.Debug|x64.ActiveCfg = Debug|x64
		{3063353A-23EB-4EDA-A9DF-0943481D3BAE}.Debug|x64.Build.0 = Debug|x64
		{3063353A-23EB-4EDA-A9DF-0943481D3BAE}.Debug|x86.ActiveCfg = Debug|Win32
		{3063353A-23EB-4EDA-A9DF-0943481D3BAE}.Debug|x86.Build.0 = Debug|Win32
		{3063353A-23EB-4EDA-A9DF-0943481D3BAE}.Release|x64.ActiveCfg = Release|x64
		{3063353A-23EB-4EDA-A9DF-0943481D3BAE}.Release|x64.Build.0 = Release|x64
		{3063353A-23EB-4EDA-A9DF-0943481D3BAE}.Release|x86.ActiveCfg = Release|Win32
		{3063353A-23EB-4EDA-A9DF-0943481D3BAE}.Release|x86.Build.0 = Release|Win32
		{A1093FE5-F1D5-47A9-BDAD-0D9CF2AE5933}.Debug|x64.ActiveCfg = Debug|x64
		{A1093FE5-F1D5-47A9-BDAD-0D9CF2AE5933}.Debug|x64.Build.0 = Debug|x64
		{A1093FE5-F1D5-47A9-BDAD-0D9CF2AE5933}.Debug|x86.ActiveCfg = Debug|Win32
		{A1093FE5-F1D5-47A9-BDAD-0D9CF2AE5933}.Debug|x86.Build.0 = Debug|Win32
		{A1093FE5-F1D5-47A9-BDAD-0D9CF2AE5933}.Release|x64.ActiveCfg = Release|x64
		{A1093FE5-F1D5-47A9-BDAD-0D9CF2AE5933}.Release|x64.Build.0 = Release|x64
		{A1093FE5-F1D5-47A9-BDAD-0D9CF2AE5933}.Release|x86.ActiveCfg = Release|Win32
		{A1093FE5-F1D5-47A9-BDAD-0D9CF2AE5933}.Release|x86.Build.0 = Release|Win32
		{7945E502-0A8D-43C3-88DB-783205E41F77}.Debug|x64.ActiveCfg = Debug|x64
		{7945E502-0A8D-43C3-88DB-783205E41F77}.Debug|x64.Build.0 = Debug|x64
		{7945E502-0A8D-43C3-88DB-783205E41F77}.Debug|x86.ActiveCfg = Debug|Win32
		{7945E502-0A8D-43C3-88DB-783205E41F77}.Debug|x86.Build.0 = Debug|Win32
		{7945E502-0A8D-43C3-88DB-783205E41F77}.Release|x64.ActiveCfg = Release|x64
		{7945E502-0A8D-43C3-88DB-783205E41F77}.Release|x64.Build.0 = Release|x64
		{7945E502-0A8D-43C3-88DB-783205E41F77}.Release|x86.ActiveCfg = Release|Win32
		{7945E502-0A8D-43C3-88DB-783205E41F77}.Release|x86.Build.0 = Release|Win32
		{868CF5FF-D5A2-4B1D-80DE-71CAF1D80317}.Debug|x64.ActiveCfg = Debug|x64
		{868CF5FF-D5A2-4B1D-80DE-71CAF1D80317}.Debug|x64.Build.0 = Debug|x64
		{868CF5FF-D5A2-4B1D-80DE-71CAF1D80317}.Debug|x86.ActiveCfg = Debug|Win32
		{868CF5FF-D5A2-4B1D-80DE-71CAF1D80317}.Debug|x86.Build.0 = Debug|Win32
		{868CF5FF-D5A2-4B1D-80DE-71CAF1D80317}.Release|x64.ActiveCfg = Release|x64
		{868CF5FF-D5A2-4B1D-80DE-71CAF1D80317}.Release|x64.Build.0 = Release|x64
		{868CF5FF-D5A2-4B1D-80DE-71CAF1D80317}.Release|x86.ActiveCfg = Release|Win32
		{868CF5FF-D5A2-4B1D-80DE-71CAF1D80317}.Release|x86.Build.0 = Release|Win32
		{4CD0CB67-F284-4065-8B40-D27C2419CBC3}.Debug|x64.ActiveCfg = Debug|x64
		{4CD0CB67-F284-4065-8B40-D27C2419CBC3}.Debug|x64.Build.0 = Debug|x64
		{4CD0CB67-F284-4065-8B40-D27C2419CBC3}.Debug|x86.ActiveCfg = Debug|Win32
		{4CD0CB67-F284-4065-8B40-D27C2419CBC3}.Debug|x86.Build.0 = Debug|Win32
		{4CD0CB67-F284-4065-8B40-D27C2419CBC3}.Release|x64.ActiveCfg = Release|x64
		{4CD0CB67-F284-4065-8B40-D27C2419CBC3}.Release|x64.Build.0 = Release|x64
		{4CD0CB67-F284-4065-8B40-D27C2419CBC3}.Release|x86.ActiveCfg = Release|Win32
		{4CD0CB67-F284-4065-8B40-D27C2419CBC3}.Release|x86.Build.0 = Release|Win32
		{66EA220E-9659-45EB-9CDD-57DBBE231637}.Debug|x64.ActiveCfg = Debug|x64
		{66EA220E-9659-45EB-9CDD-57DBBE231637}.Debug|x64.Build.0 = Debug|x64
		{66EA220E-9659-45EB-9CDD-57DBBE231637}.Debug|x86.ActiveCfg = Debug|Win32
		{66EA220E-9659-45EB-9CDD-57DBBE231637}.Debug|x86.Build.0 = Debug|Win32
		{66EA220E-9659-45EB-9CDD-57DBBE231637}.Release|x64.ActiveCfg = Release|x64
		{66EA220E-9659-45EB-9CDD-57DBBE231637}.Release|x64.Build.0 = Release|x64
		{66EA220E-9659-45EB-9CDD-57DBBE231637}.Release|x86.ActiveCfg = Release|Win32
		{66EA220E-9659-45EB-9CDD-57DBBE231637}.Release|x86.Build.0 = Release|Win32
		{19B2E494-B85C-42D1-A275-ABBD9A2DEFA4}.Debug|x64.ActiveCfg = Debug|x64
		{19B2E494-B85C-42D1-A275-ABBD9A2DEFA4}.Debug|x64.Build.0 = Debug|x64
		{19B2E494-B85C-42D1-A275-ABBD9A2DEFA4}.Debug|x86.ActiveCfg = Debug|Win32
		{19B2E494-B85C-42D1-A275-ABBD9A2DEFA4}.Debug|x86.Build.0 = Debug|Win32
		{19B2E494-B85C-42D1-A275-ABBD9A2DEFA4}.Release|x64.ActiveCfg = Release|x64
		{19B2E494-B85C-42D1-A275-ABBD9A2DEFA4}.Release|x64.Build.0 = Release|x64
		{19B2E494-B85C-42D1-A275-ABBD9A2DEFA4}.Release|x86.ActiveCfg = Release|Win32
		{19B2E494-B85C-42D1-A275-ABBD9A2DEFA4}.Release|x86.Build.0 = Release|Win32
		{4EC3287E-1417-4A87-95F4-FBDE7AE9EF75}.Debug|x64.ActiveCfg = Debug|x64
		{4EC3287E-1417-4A87-95F4-FBDE7AE9EF75}.Debug|x64.Build.0 = Debug|x64
		{4EC3287E-1417-4A87-95F4-FBDE7AE9EF75}.Debug|x86.ActiveCfg = Debug|Win32
		{4EC3287E-1417-4A87-95F4-FBDE7AE9EF75}.Debug|x86.Build.0 = Debug|Win32
		{4EC3287E-1417-4A87-95F4-FBDE7AE9EF75}.Release|x64.ActiveCfg = Release|x64
		{4EC3287E-1417-4A87-95F4-FBDE7AE9EF75}.Release|x64.Build.0 = Release|x64
		{4EC3287E-1417-4A87-95F4-FBDE7AE9EF75}.Release|x86.ActiveCfg = Release|Win32
		{4EC3287E-1417-4A87-95F4-FBDE7AE9EF75}.Release|x86.Build.0 = Release|Win32
		{383BBCD9-F966-4E4E-BD5C-CA3F40564190}.Debug|x64.ActiveCfg = Debug|x64
		{383BBCD9-F966-4E4E-BD5C-CA3F40564190}.Debug|x64.Build.0 = Debug|x64
		{383BBCD9-F966-4E4E-BD5C-CA3F40564190}.Debug|x86.ActiveCfg = Debug|Win32
		{383BBCD9-F966-4E4E-BD5C-CA3F40564190}.Debug|x86.Build.0 = Debug|Win32
		{383BBCD9-F966-4E4E-BD5C-CA3F40564190}.Release|x64.ActiveCfg = Release|x64
		{383BBCD9-F966-4E4E-BD5C-CA3F40564190}.Release|x64.Build.0 = Release|x64
		{383BBCD9-F966-4E4E-BD5C-CA3F40564190}.Release|x86.ActiveCfg = Release|Win32
		{383BBCD9-F966-4E4E-BD5C-CA3F40564190}.Release|x86.Build.0 = Release|Win32
	EndGlobalSection
	GlobalSection(SolutionProperties) = preSolution
		HideSolutionNode = FALSE
	EndGlobalSection
	GlobalSection(ExtensibilityGlobals) = postSolution
		SolutionGuid = {8149D411-8410-475E-88A9-F86CBB8F9AC6}
	EndGlobalSection
EndGlobal
